
Microsoft Visual Studio Solution File, Format Version 12.00
# Visual Studio Version 16
VisualStudioVersion = 16.0.30907.101
MinimumVisualStudioVersion = 10.0.40219.1
Project("{8BC9CEB8-8B4A-11D0-8D11-00A0C91BC942}") = "AntiDBG", "AntiDBG\AntiDBG.vcxproj", "{07FD03DB-29BB-4C86-AAD6-49A2F8C47BE6}"
EndProject
Global
	GlobalSection(SolutionConfigurationPlatforms) = preSolution
		Debug|x64 = Debug|x64
		Debug|x86 = Debug|x86
		Release|x64 = Release|x64
		Release|x86 = Release|x86
	EndGlobalSection
	GlobalSection(ProjectConfigurationPlatforms) = postSolution
		{07FD03DB-29BB-4C86-AAD6-49A2F8C47BE6}.Debug|x64.ActiveCfg = Debug|x64
		{07FD03DB-29BB-4C86-AAD6-49A2F8C47BE6}.Debug|x64.Build.0 = Debug|x64
		{07FD03DB-29BB-4C86-AAD6-49A2F8C47BE6}.Debug|x86.ActiveCfg = Debug|Win32
		{07FD03DB-29BB-4C86-AAD6-49A2F8C47BE6}.Debug|x86.Build.0 = Debug|Win32
		{07FD03DB-29BB-4C86-AAD6-49A2F8C47BE6}.Release|x64.ActiveCfg = Release|x64
		{07FD03DB-29BB-4C86-AAD6-49A2F8C47BE6}.Release|x64.Build.0 = Release|x64
		{07FD03DB-29BB-4C86-AAD6-49A2F8C47BE6}.Release|x86.ActiveCfg = Release|Win32
		{07FD03DB-29BB-4C86-AAD6-49A2F8C47BE6}.Release|x86.Build.0 = Release|Win32
	EndGlobalSection
	GlobalSection(SolutionProperties) = preSolution
		HideSolutionNode = FALSE
	EndGlobalSection
	GlobalSection(ExtensibilityGlobals) = postSolution
		SolutionGuid = {00657B1B-CE4C-4A11-B1DB-ADBBDDB8BA66}
	EndGlobalSection
EndGlobal
